{
  "name": "transporter",
  "version": "1.7.1",
  "dependencies": {
    "loglevel": {
      "version": "0.3.1",
      "from": "https://registry.npmjs.org/loglevel/-/loglevel-0.3.1.tgz",
      "resolved": "https://registry.npmjs.org/loglevel/-/loglevel-0.3.1.tgz"
    },
    "mocha": {
      "version": "1.20.1",
      "from": "https://registry.npmjs.org/mocha/-/mocha-1.20.1.tgz",
      "resolved": "https://registry.npmjs.org/mocha/-/mocha-1.20.1.tgz",
      "dependencies": {
        "commander": {
          "version": "2.0.0",
          "from": "https://registry.npmjs.org/commander/-/commander-2.0.0.tgz",
          "resolved": "https://registry.npmjs.org/commander/-/commander-2.0.0.tgz"
        },
        "growl": {
          "version": "1.7.0",
          "from": "growl@1.7.x",
          "resolved": "https://registry.npmjs.org/growl/-/growl-1.7.0.tgz"
        },
        "jade": {
          "version": "0.26.3",
          "from": "https://registry.npmjs.org/jade/-/jade-0.26.3.tgz",
          "resolved": "https://registry.npmjs.org/jade/-/jade-0.26.3.tgz",
          "dependencies": {
            "commander": {
              "version": "0.6.1",
              "from": "https://registry.npmjs.org/commander/-/commander-0.6.1.tgz",
              "resolved": "https://registry.npmjs.org/commander/-/commander-0.6.1.tgz"
            },
            "mkdirp": {
              "version": "0.3.0",
              "from": "https://registry.npmjs.org/mkdirp/-/mkdirp-0.3.0.tgz",
              "resolved": "https://registry.npmjs.org/mkdirp/-/mkdirp-0.3.0.tgz"
            }
          }
        },
        "diff": {
          "version": "1.0.7",
          "from": "https://registry.npmjs.org/diff/-/diff-1.0.7.tgz",
          "resolved": "https://registry.npmjs.org/diff/-/diff-1.0.7.tgz"
        },
        "debug": {
          "version": "1.0.2",
          "from": "https://registry.npmjs.org/debug/-/debug-1.0.2.tgz",
          "resolved": "https://registry.npmjs.org/debug/-/debug-1.0.2.tgz",
          "dependencies": {
            "ms": {
              "version": "0.6.2",
              "from": "https://registry.npmjs.org/ms/-/ms-0.6.2.tgz",
              "resolved": "https://registry.npmjs.org/ms/-/ms-0.6.2.tgz"
            }
          }
        },
        "mkdirp": {
          "version": "0.3.5",
          "from": "https://registry.npmjs.org/mkdirp/-/mkdirp-0.3.5.tgz",
          "resolved": "https://registry.npmjs.org/mkdirp/-/mkdirp-0.3.5.tgz"
        },
        "glob": {
          "version": "3.2.3",
          "from": "https://registry.npmjs.org/glob/-/glob-3.2.3.tgz",
          "resolved": "https://registry.npmjs.org/glob/-/glob-3.2.3.tgz",
          "dependencies": {
            "minimatch": {
              "version": "0.2.14",
              "from": "https://registry.npmjs.org/minimatch/-/minimatch-0.2.14.tgz",
              "resolved": "https://registry.npmjs.org/minimatch/-/minimatch-0.2.14.tgz",
              "dependencies": {
                "lru-cache": {
                  "version": "2.5.0",
                  "from": "https://registry.npmjs.org/lru-cache/-/lru-cache-2.5.0.tgz",
                  "resolved": "https://registry.npmjs.org/lru-cache/-/lru-cache-2.5.0.tgz"
                },
                "sigmund": {
                  "version": "1.0.0",
                  "from": "https://registry.npmjs.org/sigmund/-/sigmund-1.0.0.tgz",
                  "resolved": "https://registry.npmjs.org/sigmund/-/sigmund-1.0.0.tgz"
                }
              }
            },
            "graceful-fs": {
              "version": "2.0.3",
              "from": "graceful-fs@2.0.3",
              "resolved": "https://registry.npmjs.org/graceful-fs/-/graceful-fs-2.0.3.tgz"
            },
            "inherits": {
              "version": "2.0.1",
              "from": "https://registry.npmjs.org/inherits/-/inherits-2.0.1.tgz",
              "resolved": "https://registry.npmjs.org/inherits/-/inherits-2.0.1.tgz"
            }
          }
        }
      }
    },
    "q": {
      "version": "1.0.1",
      "from": "https://registry.npmjs.org/q/-/q-1.0.1.tgz",
      "resolved": "https://registry.npmjs.org/q/-/q-1.0.1.tgz"
    },
    "socket.io-client": {
      "version": "0.9.17",
      "from": "https://registry.npmjs.org/socket.io-client/-/socket.io-client-0.9.17.tgz",
      "resolved": "https://registry.npmjs.org/socket.io-client/-/socket.io-client-0.9.17.tgz",
      "dependencies": {
        "uglify-js": {
          "version": "1.2.5",
          "from": "https://registry.npmjs.org/uglify-js/-/uglify-js-1.2.5.tgz",
          "resolved": "https://registry.npmjs.org/uglify-js/-/uglify-js-1.2.5.tgz"
        },
        "ws": {
          "version": "0.4.31",
          "from": "https://registry.npmjs.org/ws/-/ws-0.4.31.tgz",
          "resolved": "https://registry.npmjs.org/ws/-/ws-0.4.31.tgz",
          "dependencies": {
            "commander": {
              "version": "0.6.1",
              "from": "https://registry.npmjs.org/commander/-/commander-0.6.1.tgz",
              "resolved": "https://registry.npmjs.org/commander/-/commander-0.6.1.tgz"
            },
            "nan": {
              "version": "0.3.2",
              "from": "https://registry.npmjs.org/nan/-/nan-0.3.2.tgz",
              "resolved": "https://registry.npmjs.org/nan/-/nan-0.3.2.tgz"
            },
            "tinycolor": {
              "version": "0.0.1",
              "from": "https://registry.npmjs.org/tinycolor/-/tinycolor-0.0.1.tgz",
              "resolved": "https://registry.npmjs.org/tinycolor/-/tinycolor-0.0.1.tgz"
            },
            "options": {
              "version": "0.0.5",
              "from": "https://registry.npmjs.org/options/-/options-0.0.5.tgz",
              "resolved": "https://registry.npmjs.org/options/-/options-0.0.5.tgz"
            }
          }
        },
        "xmlhttprequest": {
          "version": "1.4.2",
          "from": "https://registry.npmjs.org/xmlhttprequest/-/xmlhttprequest-1.4.2.tgz",
          "resolved": "https://registry.npmjs.org/xmlhttprequest/-/xmlhttprequest-1.4.2.tgz"
        },
        "active-x-obfuscator": {
          "version": "0.0.1",
          "from": "https://registry.npmjs.org/active-x-obfuscator/-/active-x-obfuscator-0.0.1.tgz",
          "resolved": "https://registry.npmjs.org/active-x-obfuscator/-/active-x-obfuscator-0.0.1.tgz",
          "dependencies": {
            "zeparser": {
              "version": "0.0.5",
              "from": "https://registry.npmjs.org/zeparser/-/zeparser-0.0.5.tgz",
              "resolved": "https://registry.npmjs.org/zeparser/-/zeparser-0.0.5.tgz"
            }
          }
        }
      }
    },
    "statechart": {
      "version": "0.1.1",
      "from": "statechart@git://github.com/DavidDurman/statechart#d9b165b6c21e9f60407138447b6e2997dac51080",
      "resolved": "git://github.com/DavidDurman/statechart#d9b165b6c21e9f60407138447b6e2997dac51080"
    }
  }
}
